// !$*UTF8*$!
{
	archiveVersion = 1;
	classes = {
	};
	objectVersion = 56;
	objects = {

/* Begin PBXBuildFile section */
		3783B214FFD56D0FE90FA8C4 /* Pods_Sportycus.framework in Frameworks */ = {isa = PBXBuildFile; fileRef = 4A2896390FBB9A2A68E12F22 /* Pods_Sportycus.framework */; };
		C56F6B312DE8F44000FEAC71 /* Favorite.storyboard in Resources */ = {isa = PBXBuildFile; fileRef = C56F6B302DE8F44000FEAC71 /* Favorite.storyboard */; };
		C56F6B332DE8F5A000FEAC71 /* Home.storyboard in Resources */ = {isa = PBXBuildFile; fileRef = C56F6B322DE8F5A000FEAC71 /* Home.storyboard */; };
		C56F6B372DE8F9EA00FEAC71 /* FavoriteCollectionViewController.swift in Sources */ = {isa = PBXBuildFile; fileRef = C56F6B362DE8F9EA00FEAC71 /* FavoriteCollectionViewController.swift */; };
		C56F6B3E2DE9098C00FEAC71 /* League.swift in Sources */ = {isa = PBXBuildFile; fileRef = C56F6B3D2DE9098C00FEAC71 /* League.swift */; };
		C56F6B402DE90A1D00FEAC71 /* LeagueResponse.swift in Sources */ = {isa = PBXBuildFile; fileRef = C56F6B3F2DE90A1D00FEAC71 /* LeagueResponse.swift */; };
		C56F6B432DE90B2A00FEAC71 /* LeagueService.swift in Sources */ = {isa = PBXBuildFile; fileRef = C56F6B422DE90B2A00FEAC71 /* LeagueService.swift */; };
		C56F6B452DE90D3600FEAC71 /* League.storyboard in Resources */ = {isa = PBXBuildFile; fileRef = C56F6B442DE90D3600FEAC71 /* League.storyboard */; };
		C56F6B472DE90D8500FEAC71 /* LeagueTableViewController.swift in Sources */ = {isa = PBXBuildFile; fileRef = C56F6B462DE90D8500FEAC71 /* LeagueTableViewController.swift */; };
		C56F6B492DE9105300FEAC71 /* LeaguePresenter.swift in Sources */ = {isa = PBXBuildFile; fileRef = C56F6B482DE9105300FEAC71 /* LeaguePresenter.swift */; };
		C56F6B4C2DE9159B00FEAC71 /* LeagueTableViewCell.swift in Sources */ = {isa = PBXBuildFile; fileRef = C56F6B4A2DE9159B00FEAC71 /* LeagueTableViewCell.swift */; };
		C56F6B4D2DE9159B00FEAC71 /* LeagueTableViewCell.xib in Resources */ = {isa = PBXBuildFile; fileRef = C56F6B4B2DE9159B00FEAC71 /* LeagueTableViewCell.xib */; };
		C56F6B532DE92A9500FEAC71 /* TeamResponse.swift in Sources */ = {isa = PBXBuildFile; fileRef = C56F6B522DE92A9500FEAC71 /* TeamResponse.swift */; };
		C56F6B552DE92B0400FEAC71 /* Team.swift in Sources */ = {isa = PBXBuildFile; fileRef = C56F6B542DE92B0400FEAC71 /* Team.swift */; };
		C56F6B572DE92B5900FEAC71 /* Player.swift in Sources */ = {isa = PBXBuildFile; fileRef = C56F6B562DE92B5900FEAC71 /* Player.swift */; };
		C56F6B592DE92E8C00FEAC71 /* Team.storyboard in Resources */ = {isa = PBXBuildFile; fileRef = C56F6B582DE92E8C00FEAC71 /* Team.storyboard */; };
		C56F6B5B2DE92EC000FEAC71 /* TeamViewController.swift in Sources */ = {isa = PBXBuildFile; fileRef = C56F6B5A2DE92EC000FEAC71 /* TeamViewController.swift */; };
		C56F6B5D2DE940B300FEAC71 /* TeamTableViewController.swift in Sources */ = {isa = PBXBuildFile; fileRef = C56F6B5C2DE940B300FEAC71 /* TeamTableViewController.swift */; };
		C5CD0B812DE87D6700273B03 /* AppDelegate.swift in Sources */ = {isa = PBXBuildFile; fileRef = C5CD0B802DE87D6700273B03 /* AppDelegate.swift */; };
		C5CD0B832DE87D6700273B03 /* SceneDelegate.swift in Sources */ = {isa = PBXBuildFile; fileRef = C5CD0B822DE87D6700273B03 /* SceneDelegate.swift */; };
		C5CD0B8A2DE87D6B00273B03 /* Assets.xcassets in Resources */ = {isa = PBXBuildFile; fileRef = C5CD0B892DE87D6B00273B03 /* Assets.xcassets */; };
		C5CD0B8D2DE87D6B00273B03 /* LaunchScreen.storyboard in Resources */ = {isa = PBXBuildFile; fileRef = C5CD0B8B2DE87D6B00273B03 /* LaunchScreen.storyboard */; };
		C5E52C212DEB3511009222B8 /* HomeCollectionViewController.swift in Sources */ = {isa = PBXBuildFile; fileRef = C5E52C202DEB3511009222B8 /* HomeCollectionViewController.swift */; };
/* End PBXBuildFile section */

/* Begin PBXFileReference section */
		4A2896390FBB9A2A68E12F22 /* Pods_Sportycus.framework */ = {isa = PBXFileReference; explicitFileType = wrapper.framework; includeInIndex = 0; path = Pods_Sportycus.framework; sourceTree = BUILT_PRODUCTS_DIR; };
		6EA7561CF847923C97E4D67C /* Pods-Sportycus.release.xcconfig */ = {isa = PBXFileReference; includeInIndex = 1; lastKnownFileType = text.xcconfig; name = "Pods-Sportycus.release.xcconfig"; path = "Target Support Files/Pods-Sportycus/Pods-Sportycus.release.xcconfig"; sourceTree = "<group>"; };
		9679AD85F2A53A2F1A8244F9 /* Pods-Sportycus.debug.xcconfig */ = {isa = PBXFileReference; includeInIndex = 1; lastKnownFileType = text.xcconfig; name = "Pods-Sportycus.debug.xcconfig"; path = "Target Support Files/Pods-Sportycus/Pods-Sportycus.debug.xcconfig"; sourceTree = "<group>"; };
		C56F6B302DE8F44000FEAC71 /* Favorite.storyboard */ = {isa = PBXFileReference; lastKnownFileType = file.storyboard; path = Favorite.storyboard; sourceTree = "<group>"; };
		C56F6B322DE8F5A000FEAC71 /* Home.storyboard */ = {isa = PBXFileReference; lastKnownFileType = file.storyboard; path = Home.storyboard; sourceTree = "<group>"; };
		C56F6B362DE8F9EA00FEAC71 /* FavoriteCollectionViewController.swift */ = {isa = PBXFileReference; lastKnownFileType = sourcecode.swift; path = FavoriteCollectionViewController.swift; sourceTree = "<group>"; };
		C56F6B3D2DE9098C00FEAC71 /* League.swift */ = {isa = PBXFileReference; lastKnownFileType = sourcecode.swift; path = League.swift; sourceTree = "<group>"; };
		C56F6B3F2DE90A1D00FEAC71 /* LeagueResponse.swift */ = {isa = PBXFileReference; lastKnownFileType = sourcecode.swift; path = LeagueResponse.swift; sourceTree = "<group>"; };
		C56F6B422DE90B2A00FEAC71 /* LeagueService.swift */ = {isa = PBXFileReference; lastKnownFileType = sourcecode.swift; path = LeagueService.swift; sourceTree = "<group>"; };
		C56F6B442DE90D3600FEAC71 /* League.storyboard */ = {isa = PBXFileReference; lastKnownFileType = file.storyboard; path = League.storyboard; sourceTree = "<group>"; };
		C56F6B462DE90D8500FEAC71 /* LeagueTableViewController.swift */ = {isa = PBXFileReference; lastKnownFileType = sourcecode.swift; path = LeagueTableViewController.swift; sourceTree = "<group>"; };
		C56F6B482DE9105300FEAC71 /* LeaguePresenter.swift */ = {isa = PBXFileReference; lastKnownFileType = sourcecode.swift; path = LeaguePresenter.swift; sourceTree = "<group>"; };
		C56F6B4A2DE9159B00FEAC71 /* LeagueTableViewCell.swift */ = {isa = PBXFileReference; lastKnownFileType = sourcecode.swift; path = LeagueTableViewCell.swift; sourceTree = "<group>"; };
		C56F6B4B2DE9159B00FEAC71 /* LeagueTableViewCell.xib */ = {isa = PBXFileReference; lastKnownFileType = file.xib; path = LeagueTableViewCell.xib; sourceTree = "<group>"; };
		C56F6B522DE92A9500FEAC71 /* TeamResponse.swift */ = {isa = PBXFileReference; lastKnownFileType = sourcecode.swift; path = TeamResponse.swift; sourceTree = "<group>"; };
		C56F6B542DE92B0400FEAC71 /* Team.swift */ = {isa = PBXFileReference; lastKnownFileType = sourcecode.swift; path = Team.swift; sourceTree = "<group>"; };
		C56F6B562DE92B5900FEAC71 /* Player.swift */ = {isa = PBXFileReference; lastKnownFileType = sourcecode.swift; path = Player.swift; sourceTree = "<group>"; };
		C56F6B582DE92E8C00FEAC71 /* Team.storyboard */ = {isa = PBXFileReference; lastKnownFileType = file.storyboard; path = Team.storyboard; sourceTree = "<group>"; };
		C56F6B5A2DE92EC000FEAC71 /* TeamViewController.swift */ = {isa = PBXFileReference; lastKnownFileType = sourcecode.swift; path = TeamViewController.swift; sourceTree = "<group>"; };
		C56F6B5C2DE940B300FEAC71 /* TeamTableViewController.swift */ = {isa = PBXFileReference; lastKnownFileType = sourcecode.swift; path = TeamTableViewController.swift; sourceTree = "<group>"; };
		C5CD0B7D2DE87D6700273B03 /* Sportycus.app */ = {isa = PBXFileReference; explicitFileType = wrapper.application; includeInIndex = 0; path = Sportycus.app; sourceTree = BUILT_PRODUCTS_DIR; };
		C5CD0B802DE87D6700273B03 /* AppDelegate.swift */ = {isa = PBXFileReference; lastKnownFileType = sourcecode.swift; path = AppDelegate.swift; sourceTree = "<group>"; };
		C5CD0B822DE87D6700273B03 /* SceneDelegate.swift */ = {isa = PBXFileReference; lastKnownFileType = sourcecode.swift; path = SceneDelegate.swift; sourceTree = "<group>"; };
		C5CD0B892DE87D6B00273B03 /* Assets.xcassets */ = {isa = PBXFileReference; lastKnownFileType = folder.assetcatalog; path = Assets.xcassets; sourceTree = "<group>"; };
		C5CD0B8C2DE87D6B00273B03 /* Base */ = {isa = PBXFileReference; lastKnownFileType = file.storyboard; name = Base; path = Base.lproj/LaunchScreen.storyboard; sourceTree = "<group>"; };
		C5CD0B8E2DE87D6B00273B03 /* Info.plist */ = {isa = PBXFileReference; lastKnownFileType = text.plist.xml; path = Info.plist; sourceTree = "<group>"; };
		C5E52C202DEB3511009222B8 /* HomeCollectionViewController.swift */ = {isa = PBXFileReference; fileEncoding = 4; lastKnownFileType = sourcecode.swift; path = HomeCollectionViewController.swift; sourceTree = "<group>"; };
/* End PBXFileReference section */

/* Begin PBXFrameworksBuildPhase section */
		C5CD0B7A2DE87D6700273B03 /* Frameworks */ = {
			isa = PBXFrameworksBuildPhase;
			buildActionMask = 2147483647;
			files = (
				3783B214FFD56D0FE90FA8C4 /* Pods_Sportycus.framework in Frameworks */,
			);
			runOnlyForDeploymentPostprocessing = 0;
		};
/* End PBXFrameworksBuildPhase section */

/* Begin PBXGroup section */
		1D8DC928C5B5032242B880EC /* Frameworks */ = {
			isa = PBXGroup;
			children = (
				4A2896390FBB9A2A68E12F22 /* Pods_Sportycus.framework */,
			);
			name = Frameworks;
			sourceTree = "<group>";
		};
		C53F7C772DE88F46003B4AAE /* App */ = {
			isa = PBXGroup;
			children = (
				C5CD0B822DE87D6700273B03 /* SceneDelegate.swift */,
				C5CD0B802DE87D6700273B03 /* AppDelegate.swift */,
			);
			path = App;
			sourceTree = "<group>";
		};
		C53F7C782DE88FEA003B4AAE /* Resources */ = {
			isa = PBXGroup;
			children = (
				C5CD0B8B2DE87D6B00273B03 /* LaunchScreen.storyboard */,
				C5CD0B892DE87D6B00273B03 /* Assets.xcassets */,
			);
			path = Resources;
			sourceTree = "<group>";
		};
		C53F7C792DE8900B003B4AAE /* Features */ = {
			isa = PBXGroup;
			children = (
				C56F6B4E2DE9290700FEAC71 /* Team */,
				C56F6B382DE9095700FEAC71 /* League */,
				C56F6B2C2DE8F3F800FEAC71 /* Favorite */,
				C53F7C7A2DE89016003B4AAE /* Home */,
			);
			path = Features;
			sourceTree = "<group>";
		};
		C53F7C7A2DE89016003B4AAE /* Home */ = {
			isa = PBXGroup;
			children = (
				C53F7C7D2DE8902A003B4AAE /* Presenter */,
				C53F7C7C2DE89024003B4AAE /* View */,
				C53F7C7B2DE8901F003B4AAE /* Model */,
			);
			path = Home;
			sourceTree = "<group>";
		};
		C53F7C7B2DE8901F003B4AAE /* Model */ = {
			isa = PBXGroup;
			children = (
				C53F7C7E2DE89198003B4AAE /* Service */,
			);
			path = Model;
			sourceTree = "<group>";
		};
		C53F7C7C2DE89024003B4AAE /* View */ = {
			isa = PBXGroup;
			children = (
				C5E52C202DEB3511009222B8 /* HomeCollectionViewController.swift */,
				C56F6B322DE8F5A000FEAC71 /* Home.storyboard */,
			);
			path = View;
			sourceTree = "<group>";
		};
		C53F7C7D2DE8902A003B4AAE /* Presenter */ = {
			isa = PBXGroup;
			children = (
			);
			path = Presenter;
			sourceTree = "<group>";
		};
		C53F7C7E2DE89198003B4AAE /* Service */ = {
			isa = PBXGroup;
			children = (
			);
			path = Service;
			sourceTree = "<group>";
		};
		C56F6B2C2DE8F3F800FEAC71 /* Favorite */ = {
			isa = PBXGroup;
			children = (
				C56F6B2F2DE8F41000FEAC71 /* Presenter */,
				C56F6B2E2DE8F40B00FEAC71 /* View */,
				C56F6B2D2DE8F40600FEAC71 /* Model */,
			);
			path = Favorite;
			sourceTree = "<group>";
		};
		C56F6B2D2DE8F40600FEAC71 /* Model */ = {
			isa = PBXGroup;
			children = (
			);
			path = Model;
			sourceTree = "<group>";
		};
		C56F6B2E2DE8F40B00FEAC71 /* View */ = {
			isa = PBXGroup;
			children = (
				C56F6B302DE8F44000FEAC71 /* Favorite.storyboard */,
				C56F6B362DE8F9EA00FEAC71 /* FavoriteCollectionViewController.swift */,
			);
			path = View;
			sourceTree = "<group>";
		};
		C56F6B2F2DE8F41000FEAC71 /* Presenter */ = {
			isa = PBXGroup;
			children = (
			);
			path = Presenter;
			sourceTree = "<group>";
		};
		C56F6B382DE9095700FEAC71 /* League */ = {
			isa = PBXGroup;
			children = (
				C56F6B3B2DE9096700FEAC71 /* Presenter */,
				C56F6B3A2DE9096300FEAC71 /* View */,
				C56F6B392DE9095E00FEAC71 /* Model */,
			);
			path = League;
			sourceTree = "<group>";
		};
		C56F6B392DE9095E00FEAC71 /* Model */ = {
			isa = PBXGroup;
			children = (
				C56F6B412DE90B1600FEAC71 /* Service */,
				C56F6B3D2DE9098C00FEAC71 /* League.swift */,
				C56F6B3F2DE90A1D00FEAC71 /* LeagueResponse.swift */,
			);
			path = Model;
			sourceTree = "<group>";
		};
		C56F6B3A2DE9096300FEAC71 /* View */ = {
			isa = PBXGroup;
			children = (
				C56F6B442DE90D3600FEAC71 /* League.storyboard */,
				C56F6B462DE90D8500FEAC71 /* LeagueTableViewController.swift */,
				C56F6B4A2DE9159B00FEAC71 /* LeagueTableViewCell.swift */,
				C56F6B4B2DE9159B00FEAC71 /* LeagueTableViewCell.xib */,
			);
			path = View;
			sourceTree = "<group>";
		};
		C56F6B3B2DE9096700FEAC71 /* Presenter */ = {
			isa = PBXGroup;
			children = (
				C56F6B482DE9105300FEAC71 /* LeaguePresenter.swift */,
			);
			path = Presenter;
			sourceTree = "<group>";
		};
		C56F6B412DE90B1600FEAC71 /* Service */ = {
			isa = PBXGroup;
			children = (
				C56F6B422DE90B2A00FEAC71 /* LeagueService.swift */,
			);
			path = Service;
			sourceTree = "<group>";
		};
		C56F6B4E2DE9290700FEAC71 /* Team */ = {
			isa = PBXGroup;
			children = (
				C56F6B512DE9291700FEAC71 /* Presenter */,
				C56F6B502DE9291300FEAC71 /* View */,
				C56F6B4F2DE9290E00FEAC71 /* Model */,
			);
			path = Team;
			sourceTree = "<group>";
		};
		C56F6B4F2DE9290E00FEAC71 /* Model */ = {
			isa = PBXGroup;
			children = (
				C56F6B522DE92A9500FEAC71 /* TeamResponse.swift */,
				C56F6B542DE92B0400FEAC71 /* Team.swift */,
				C56F6B562DE92B5900FEAC71 /* Player.swift */,
			);
			path = Model;
			sourceTree = "<group>";
		};
		C56F6B502DE9291300FEAC71 /* View */ = {
			isa = PBXGroup;
			children = (
				C56F6B582DE92E8C00FEAC71 /* Team.storyboard */,
				C56F6B5A2DE92EC000FEAC71 /* TeamViewController.swift */,
				C56F6B5C2DE940B300FEAC71 /* TeamTableViewController.swift */,
			);
			path = View;
			sourceTree = "<group>";
		};
		C56F6B512DE9291700FEAC71 /* Presenter */ = {
			isa = PBXGroup;
			children = (
			);
			path = Presenter;
			sourceTree = "<group>";
		};
		C5CD0B742DE87D6700273B03 = {
			isa = PBXGroup;
			children = (
				C5CD0B7F2DE87D6700273B03 /* Sportycus */,
				C5CD0B7E2DE87D6700273B03 /* Products */,
				CC05763EDF6520B30C083543 /* Pods */,
				1D8DC928C5B5032242B880EC /* Frameworks */,
			);
			sourceTree = "<group>";
		};
		C5CD0B7E2DE87D6700273B03 /* Products */ = {
			isa = PBXGroup;
			children = (
				C5CD0B7D2DE87D6700273B03 /* Sportycus.app */,
			);
			name = Products;
			sourceTree = "<group>";
		};
		C5CD0B7F2DE87D6700273B03 /* Sportycus */ = {
			isa = PBXGroup;
			children = (
				C53F7C792DE8900B003B4AAE /* Features */,
				C53F7C782DE88FEA003B4AAE /* Resources */,
				C53F7C772DE88F46003B4AAE /* App */,
				C5CD0B8E2DE87D6B00273B03 /* Info.plist */,
			);
			path = Sportycus;
			sourceTree = "<group>";
		};
		CC05763EDF6520B30C083543 /* Pods */ = {
			isa = PBXGroup;
			children = (
				9679AD85F2A53A2F1A8244F9 /* Pods-Sportycus.debug.xcconfig */,
				6EA7561CF847923C97E4D67C /* Pods-Sportycus.release.xcconfig */,
			);
			path = Pods;
			sourceTree = "<group>";
		};
/* End PBXGroup section */

/* Begin PBXNativeTarget section */
		C5CD0B7C2DE87D6700273B03 /* Sportycus */ = {
			isa = PBXNativeTarget;
			buildConfigurationList = C5CD0B912DE87D6B00273B03 /* Build configuration list for PBXNativeTarget "Sportycus" */;
			buildPhases = (
				AD1D024E8B9467051E276AE2 /* [CP] Check Pods Manifest.lock */,
				C5CD0B792DE87D6700273B03 /* Sources */,
				C5CD0B7A2DE87D6700273B03 /* Frameworks */,
				C5CD0B7B2DE87D6700273B03 /* Resources */,
				A5A19195EFC9CF3DB442D392 /* [CP] Embed Pods Frameworks */,
			);
			buildRules = (
			);
			dependencies = (
			);
			name = Sportycus;
			productName = Sportycus;
			productReference = C5CD0B7D2DE87D6700273B03 /* Sportycus.app */;
			productType = "com.apple.product-type.application";
		};
/* End PBXNativeTarget section */

/* Begin PBXProject section */
		C5CD0B752DE87D6700273B03 /* Project object */ = {
			isa = PBXProject;
			attributes = {
				BuildIndependentTargetsInParallel = 1;
				LastSwiftUpdateCheck = 1430;
				LastUpgradeCheck = 1430;
				TargetAttributes = {
					C5CD0B7C2DE87D6700273B03 = {
						CreatedOnToolsVersion = 14.3.1;
					};
				};
			};
			buildConfigurationList = C5CD0B782DE87D6700273B03 /* Build configuration list for PBXProject "Sportycus" */;
			compatibilityVersion = "Xcode 14.0";
			developmentRegion = en;
			hasScannedForEncodings = 0;
			knownRegions = (
				en,
				Base,
			);
			mainGroup = C5CD0B742DE87D6700273B03;
			productRefGroup = C5CD0B7E2DE87D6700273B03 /* Products */;
			projectDirPath = "";
			projectRoot = "";
			targets = (
				C5CD0B7C2DE87D6700273B03 /* Sportycus */,
			);
		};
/* End PBXProject section */

/* Begin PBXResourcesBuildPhase section */
		C5CD0B7B2DE87D6700273B03 /* Resources */ = {
			isa = PBXResourcesBuildPhase;
			buildActionMask = 2147483647;
			files = (
				C5CD0B8D2DE87D6B00273B03 /* LaunchScreen.storyboard in Resources */,
				C56F6B592DE92E8C00FEAC71 /* Team.storyboard in Resources */,
				C56F6B452DE90D3600FEAC71 /* League.storyboard in Resources */,
				C56F6B4D2DE9159B00FEAC71 /* LeagueTableViewCell.xib in Resources */,
				C56F6B332DE8F5A000FEAC71 /* Home.storyboard in Resources */,
				C5CD0B8A2DE87D6B00273B03 /* Assets.xcassets in Resources */,
				C56F6B312DE8F44000FEAC71 /* Favorite.storyboard in Resources */,
			);
			runOnlyForDeploymentPostprocessing = 0;
		};
/* End PBXResourcesBuildPhase section */

/* Begin PBXShellScriptBuildPhase section */
		A5A19195EFC9CF3DB442D392 /* [CP] Embed Pods Frameworks */ = {
			isa = PBXShellScriptBuildPhase;
			buildActionMask = 2147483647;
			files = (
			);
			inputFileListPaths = (
				"${PODS_ROOT}/Target Support Files/Pods-Sportycus/Pods-Sportycus-frameworks-${CONFIGURATION}-input-files.xcfilelist",
			);
			name = "[CP] Embed Pods Frameworks";
			outputFileListPaths = (
				"${PODS_ROOT}/Target Support Files/Pods-Sportycus/Pods-Sportycus-frameworks-${CONFIGURATION}-output-files.xcfilelist",
			);
			runOnlyForDeploymentPostprocessing = 0;
			shellPath = /bin/sh;
			shellScript = "\"${PODS_ROOT}/Target Support Files/Pods-Sportycus/Pods-Sportycus-frameworks.sh\"\n";
			showEnvVarsInLog = 0;
		};
		AD1D024E8B9467051E276AE2 /* [CP] Check Pods Manifest.lock */ = {
			isa = PBXShellScriptBuildPhase;
			buildActionMask = 2147483647;
			files = (
			);
			inputFileListPaths = (
			);
			inputPaths = (
				"${PODS_PODFILE_DIR_PATH}/Podfile.lock",
				"${PODS_ROOT}/Manifest.lock",
			);
			name = "[CP] Check Pods Manifest.lock";
			outputFileListPaths = (
			);
			outputPaths = (
				"$(DERIVED_FILE_DIR)/Pods-Sportycus-checkManifestLockResult.txt",
			);
			runOnlyForDeploymentPostprocessing = 0;
			shellPath = /bin/sh;
			shellScript = "diff \"${PODS_PODFILE_DIR_PATH}/Podfile.lock\" \"${PODS_ROOT}/Manifest.lock\" > /dev/null\nif [ $? != 0 ] ; then\n    # print error to STDERR\n    echo \"error: The sandbox is not in sync with the Podfile.lock. Run 'pod install' or update your CocoaPods installation.\" >&2\n    exit 1\nfi\n# This output is used by Xcode 'outputs' to avoid re-running this script phase.\necho \"SUCCESS\" > \"${SCRIPT_OUTPUT_FILE_0}\"\n";
			showEnvVarsInLog = 0;
		};
/* End PBXShellScriptBuildPhase section */

/* Begin PBXSourcesBuildPhase section */
		C5CD0B792DE87D6700273B03 /* Sources */ = {
			isa = PBXSourcesBuildPhase;
			buildActionMask = 2147483647;
			files = (
				C56F6B552DE92B0400FEAC71 /* Team.swift in Sources */,
				C56F6B372DE8F9EA00FEAC71 /* FavoriteCollectionViewController.swift in Sources */,
				C56F6B532DE92A9500FEAC71 /* TeamResponse.swift in Sources */,
				C5E52C212DEB3511009222B8 /* HomeCollectionViewController.swift in Sources */,
				C5CD0B812DE87D6700273B03 /* AppDelegate.swift in Sources */,
				C56F6B572DE92B5900FEAC71 /* Player.swift in Sources */,
				C56F6B3E2DE9098C00FEAC71 /* League.swift in Sources */,
				C56F6B472DE90D8500FEAC71 /* LeagueTableViewController.swift in Sources */,
				C56F6B432DE90B2A00FEAC71 /* LeagueService.swift in Sources */,
				C56F6B4C2DE9159B00FEAC71 /* LeagueTableViewCell.swift in Sources */,
				C5CD0B832DE87D6700273B03 /* SceneDelegate.swift in Sources */,
				C56F6B5D2DE940B300FEAC71 /* TeamTableViewController.swift in Sources */,
				C56F6B492DE9105300FEAC71 /* LeaguePresenter.swift in Sources */,
				C56F6B402DE90A1D00FEAC71 /* LeagueResponse.swift in Sources */,
				C56F6B5B2DE92EC000FEAC71 /* TeamViewController.swift in Sources */,
			);
			runOnlyForDeploymentPostprocessing = 0;
		};
/* End PBXSourcesBuildPhase section */

/* Begin PBXVariantGroup section */
		C5CD0B8B2DE87D6B00273B03 /* LaunchScreen.storyboard */ = {
			isa = PBXVariantGroup;
			children = (
				C5CD0B8C2DE87D6B00273B03 /* Base */,
			);
			name = LaunchScreen.storyboard;
			sourceTree = "<group>";
		};
/* End PBXVariantGroup section */

/* Begin XCBuildConfiguration section */
		C5CD0B8F2DE87D6B00273B03 /* Debug */ = {
			isa = XCBuildConfiguration;
			buildSettings = {
				ALWAYS_SEARCH_USER_PATHS = NO;
				CLANG_ANALYZER_NONNULL = YES;
				CLANG_ANALYZER_NUMBER_OBJECT_CONVERSION = YES_AGGRESSIVE;
				CLANG_CXX_LANGUAGE_STANDARD = "gnu++20";
				CLANG_ENABLE_MODULES = YES;
				CLANG_ENABLE_OBJC_ARC = YES;
				CLANG_ENABLE_OBJC_WEAK = YES;
				CLANG_WARN_BLOCK_CAPTURE_AUTORELEASING = YES;
				CLANG_WARN_BOOL_CONVERSION = YES;
				CLANG_WARN_COMMA = YES;
				CLANG_WARN_CONSTANT_CONVERSION = YES;
				CLANG_WARN_DEPRECATED_OBJC_IMPLEMENTATIONS = YES;
				CLANG_WARN_DIRECT_OBJC_ISA_USAGE = YES_ERROR;
				CLANG_WARN_DOCUMENTATION_COMMENTS = YES;
				CLANG_WARN_EMPTY_BODY = YES;
				CLANG_WARN_ENUM_CONVERSION = YES;
				CLANG_WARN_INFINITE_RECURSION = YES;
				CLANG_WARN_INT_CONVERSION = YES;
				CLANG_WARN_NON_LITERAL_NULL_CONVERSION = YES;
				CLANG_WARN_OBJC_IMPLICIT_RETAIN_SELF = YES;
				CLANG_WARN_OBJC_LITERAL_CONVERSION = YES;
				CLANG_WARN_OBJC_ROOT_CLASS = YES_ERROR;
				CLANG_WARN_QUOTED_INCLUDE_IN_FRAMEWORK_HEADER = YES;
				CLANG_WARN_RANGE_LOOP_ANALYSIS = YES;
				CLANG_WARN_STRICT_PROTOTYPES = YES;
				CLANG_WARN_SUSPICIOUS_MOVE = YES;
				CLANG_WARN_UNGUARDED_AVAILABILITY = YES_AGGRESSIVE;
				CLANG_WARN_UNREACHABLE_CODE = YES;
				CLANG_WARN__DUPLICATE_METHOD_MATCH = YES;
				COPY_PHASE_STRIP = NO;
				DEBUG_INFORMATION_FORMAT = dwarf;
				ENABLE_STRICT_OBJC_MSGSEND = YES;
				ENABLE_TESTABILITY = YES;
				GCC_C_LANGUAGE_STANDARD = gnu11;
				GCC_DYNAMIC_NO_PIC = NO;
				GCC_NO_COMMON_BLOCKS = YES;
				GCC_OPTIMIZATION_LEVEL = 0;
				GCC_PREPROCESSOR_DEFINITIONS = (
					"DEBUG=1",
					"$(inherited)",
				);
				GCC_WARN_64_TO_32_BIT_CONVERSION = YES;
				GCC_WARN_ABOUT_RETURN_TYPE = YES_ERROR;
				GCC_WARN_UNDECLARED_SELECTOR = YES;
				GCC_WARN_UNINITIALIZED_AUTOS = YES_AGGRESSIVE;
				GCC_WARN_UNUSED_FUNCTION = YES;
				GCC_WARN_UNUSED_VARIABLE = YES;
				IPHONEOS_DEPLOYMENT_TARGET = 15.0;
				MTL_ENABLE_DEBUG_INFO = INCLUDE_SOURCE;
				MTL_FAST_MATH = YES;
				ONLY_ACTIVE_ARCH = YES;
				SDKROOT = iphoneos;
				SWIFT_ACTIVE_COMPILATION_CONDITIONS = DEBUG;
				SWIFT_OPTIMIZATION_LEVEL = "-Onone";
			};
			name = Debug;
		};
		C5CD0B902DE87D6B00273B03 /* Release */ = {
			isa = XCBuildConfiguration;
			buildSettings = {
				ALWAYS_SEARCH_USER_PATHS = NO;
				CLANG_ANALYZER_NONNULL = YES;
				CLANG_ANALYZER_NUMBER_OBJECT_CONVERSION = YES_AGGRESSIVE;
				CLANG_CXX_LANGUAGE_STANDARD = "gnu++20";
				CLANG_ENABLE_MODULES = YES;
				CLANG_ENABLE_OBJC_ARC = YES;
				CLANG_ENABLE_OBJC_WEAK = YES;
				CLANG_WARN_BLOCK_CAPTURE_AUTORELEASING = YES;
				CLANG_WARN_BOOL_CONVERSION = YES;
				CLANG_WARN_COMMA = YES;
				CLANG_WARN_CONSTANT_CONVERSION = YES;
				CLANG_WARN_DEPRECATED_OBJC_IMPLEMENTATIONS = YES;
				CLANG_WARN_DIRECT_OBJC_ISA_USAGE = YES_ERROR;
				CLANG_WARN_DOCUMENTATION_COMMENTS = YES;
				CLANG_WARN_EMPTY_BODY = YES;
				CLANG_WARN_ENUM_CONVERSION = YES;
				CLANG_WARN_INFINITE_RECURSION = YES;
				CLANG_WARN_INT_CONVERSION = YES;
				CLANG_WARN_NON_LITERAL_NULL_CONVERSION = YES;
				CLANG_WARN_OBJC_IMPLICIT_RETAIN_SELF = YES;
				CLANG_WARN_OBJC_LITERAL_CONVERSION = YES;
				CLANG_WARN_OBJC_ROOT_CLASS = YES_ERROR;
				CLANG_WARN_QUOTED_INCLUDE_IN_FRAMEWORK_HEADER = YES;
				CLANG_WARN_RANGE_LOOP_ANALYSIS = YES;
				CLANG_WARN_STRICT_PROTOTYPES = YES;
				CLANG_WARN_SUSPICIOUS_MOVE = YES;
				CLANG_WARN_UNGUARDED_AVAILABILITY = YES_AGGRESSIVE;
				CLANG_WARN_UNREACHABLE_CODE = YES;
				CLANG_WARN__DUPLICATE_METHOD_MATCH = YES;
				COPY_PHASE_STRIP = NO;
				DEBUG_INFORMATION_FORMAT = "dwarf-with-dsym";
				ENABLE_NS_ASSERTIONS = NO;
				ENABLE_STRICT_OBJC_MSGSEND = YES;
				GCC_C_LANGUAGE_STANDARD = gnu11;
				GCC_NO_COMMON_BLOCKS = YES;
				GCC_WARN_64_TO_32_BIT_CONVERSION = YES;
				GCC_WARN_ABOUT_RETURN_TYPE = YES_ERROR;
				GCC_WARN_UNDECLARED_SELECTOR = YES;
				GCC_WARN_UNINITIALIZED_AUTOS = YES_AGGRESSIVE;
				GCC_WARN_UNUSED_FUNCTION = YES;
				GCC_WARN_UNUSED_VARIABLE = YES;
				IPHONEOS_DEPLOYMENT_TARGET = 15.0;
				MTL_ENABLE_DEBUG_INFO = NO;
				MTL_FAST_MATH = YES;
				SDKROOT = iphoneos;
				SWIFT_COMPILATION_MODE = wholemodule;
				SWIFT_OPTIMIZATION_LEVEL = "-O";
				VALIDATE_PRODUCT = YES;
			};
			name = Release;
		};
		C5CD0B922DE87D6B00273B03 /* Debug */ = {
			isa = XCBuildConfiguration;
			baseConfigurationReference = 9679AD85F2A53A2F1A8244F9 /* Pods-Sportycus.debug.xcconfig */;
			buildSettings = {
				ASSETCATALOG_COMPILER_APPICON_NAME = AppIcon;
				ASSETCATALOG_COMPILER_GLOBAL_ACCENT_COLOR_NAME = AccentColor;
				CODE_SIGN_STYLE = Automatic;
				CURRENT_PROJECT_VERSION = 1;
				GENERATE_INFOPLIST_FILE = YES;
				INFOPLIST_FILE = Sportycus/Info.plist;
				INFOPLIST_KEY_UIApplicationSupportsIndirectInputEvents = YES;
				INFOPLIST_KEY_UILaunchStoryboardName = LaunchScreen;
				INFOPLIST_KEY_UISupportedInterfaceOrientations_iPad = "UIInterfaceOrientationPortrait UIInterfaceOrientationPortraitUpsideDown UIInterfaceOrientationLandscapeLeft UIInterfaceOrientationLandscapeRight";
				INFOPLIST_KEY_UISupportedInterfaceOrientations_iPhone = "UIInterfaceOrientationPortrait UIInterfaceOrientationLandscapeLeft UIInterfaceOrientationLandscapeRight";
				LD_RUNPATH_SEARCH_PATHS = (
					"$(inherited)",
					"@executable_path/Frameworks",
				);
				MARKETING_VERSION = 1.0;
				PRODUCT_BUNDLE_IDENTIFIER = com.delighted2wins.Sportycus;
				PRODUCT_NAME = "$(TARGET_NAME)";
				SWIFT_EMIT_LOC_STRINGS = YES;
				SWIFT_VERSION = 5.0;
				TARGETED_DEVICE_FAMILY = "1,2";
			};
			name = Debug;
		};
		C5CD0B932DE87D6B00273B03 /* Release */ = {
			isa = XCBuildConfiguration;
			baseConfigurationReference = 6EA7561CF847923C97E4D67C /* Pods-Sportycus.release.xcconfig */;
			buildSettings = {
				ASSETCATALOG_COMPILER_APPICON_NAME = AppIcon;
				ASSETCATALOG_COMPILER_GLOBAL_ACCENT_COLOR_NAME = AccentColor;
				CODE_SIGN_STYLE = Automatic;
				CURRENT_PROJECT_VERSION = 1;
				GENERATE_INFOPLIST_FILE = YES;
				INFOPLIST_FILE = Sportycus/Info.plist;
				INFOPLIST_KEY_UIApplicationSupportsIndirectInputEvents = YES;
				INFOPLIST_KEY_UILaunchStoryboardName = LaunchScreen;
				INFOPLIST_KEY_UISupportedInterfaceOrientations_iPad = "UIInterfaceOrientationPortrait UIInterfaceOrientationPortraitUpsideDown UIInterfaceOrientationLandscapeLeft UIInterfaceOrientationLandscapeRight";
				INFOPLIST_KEY_UISupportedInterfaceOrientations_iPhone = "UIInterfaceOrientationPortrait UIInterfaceOrientationLandscapeLeft UIInterfaceOrientationLandscapeRight";
				LD_RUNPATH_SEARCH_PATHS = (
					"$(inherited)",
					"@executable_path/Frameworks",
				);
				MARKETING_VERSION = 1.0;
				PRODUCT_BUNDLE_IDENTIFIER = com.delighted2wins.Sportycus;
				PRODUCT_NAME = "$(TARGET_NAME)";
				SWIFT_EMIT_LOC_STRINGS = YES;
				SWIFT_VERSION = 5.0;
				TARGETED_DEVICE_FAMILY = "1,2";
			};
			name = Release;
		};
/* End XCBuildConfiguration section */

/* Begin XCConfigurationList section */
		C5CD0B782DE87D6700273B03 /* Build configuration list for PBXProject "Sportycus" */ = {
			isa = XCConfigurationList;
			buildConfigurations = (
				C5CD0B8F2DE87D6B00273B03 /* Debug */,
				C5CD0B902DE87D6B00273B03 /* Release */,
			);
			defaultConfigurationIsVisible = 0;
			defaultConfigurationName = Release;
		};
		C5CD0B912DE87D6B00273B03 /* Build configuration list for PBXNativeTarget "Sportycus" */ = {
			isa = XCConfigurationList;
			buildConfigurations = (
				C5CD0B922DE87D6B00273B03 /* Debug */,
				C5CD0B932DE87D6B00273B03 /* Release */,
			);
			defaultConfigurationIsVisible = 0;
			defaultConfigurationName = Release;
		};
/* End XCConfigurationList section */
	};
	rootObject = C5CD0B752DE87D6700273B03 /* Project object */;
}
